
Microsoft Visual Studio Solution File, Format Version 12.00
# Visual Studio Version 16
VisualStudioVersion = 25.0.1703.6
MinimumVisualStudioVersion = 10.0.40219.1
Project("{FAE04EC0-301F-11D3-BF4B-00C04F79EFBC}") = "StockItAPI", "StockItAPI\StockItAPI.csproj", "{7D5820F4-688E-430E-A987-9233B8937A12}"
EndProject
Global
	GlobalSection(SolutionConfigurationPlatforms) = preSolution
		Debug|Any CPU = Debug|Any CPU
		Release|Any CPU = Release|Any CPU
	EndGlobalSection
	GlobalSection(ProjectConfigurationPlatforms) = postSolution
		{7D5820F4-688E-430E-A987-9233B8937A12}.Debug|Any CPU.ActiveCfg = Debug|Any CPU
		{7D5820F4-688E-430E-A987-9233B8937A12}.Debug|Any CPU.Build.0 = Debug|Any CPU
		{7D5820F4-688E-430E-A987-9233B8937A12}.Release|Any CPU.ActiveCfg = Release|Any CPU
		{7D5820F4-688E-430E-A987-9233B8937A12}.Release|Any CPU.Build.0 = Release|Any CPU
	EndGlobalSection
	GlobalSection(SolutionProperties) = preSolution
		HideSolutionNode = FALSE
	EndGlobalSection
	GlobalSection(ExtensibilityGlobals) = postSolution
		SolutionGuid = {189938BF-0A52-49C0-B40B-2A5C0B5B2EA7}
	EndGlobalSection
EndGlobal
